
Microsoft Visual Studio Solution File, Format Version 12.00
# Visual Studio Version 17
VisualStudioVersion = 17.7.34221.43
MinimumVisualStudioVersion = 10.0.40219.1
Project("{FAE04EC0-301F-11D3-BF4B-00C04F79EFBC}") = "Gewig verloor program", "Gewig verloor program\Gewig verloor program.csproj", "{9F3AA3AC-BBCD-45BD-8711-A01E2D49C75B}"
EndProject
Global
	GlobalSection(SolutionConfigurationPlatforms) = preSolution
		Debug|Any CPU = Debug|Any CPU
		Release|Any CPU = Release|Any CPU
	EndGlobalSection
	GlobalSection(ProjectConfigurationPlatforms) = postSolution
		{9F3AA3AC-BBCD-45BD-8711-A01E2D49C75B}.Debug|Any CPU.ActiveCfg = Debug|Any CPU
		{9F3AA3AC-BBCD-45BD-8711-A01E2D49C75B}.Debug|Any CPU.Build.0 = Debug|Any CPU
		{9F3AA3AC-BBCD-45BD-8711-A01E2D49C75B}.Release|Any CPU.ActiveCfg = Release|Any CPU
		{9F3AA3AC-BBCD-45BD-8711-A01E2D49C75B}.Release|Any CPU.Build.0 = Release|Any CPU
	EndGlobalSection
	GlobalSection(SolutionProperties) = preSolution
		HideSolutionNode = FALSE
	EndGlobalSection
	GlobalSection(ExtensibilityGlobals) = postSolution
		SolutionGuid = {A67A58F4-C66C-4EAA-958D-BE706BD8EBB3}
	EndGlobalSection
EndGlobal
